
Microsoft Visual Studio Solution File, Format Version 12.00
# Visual Studio Version 16
VisualStudioVersion = 16.0.29806.167
MinimumVisualStudioVersion = 10.0.40219.1
Project("{2150E333-8FDC-42A3-9474-1A3956D46DE8}") = "0.基础使用", "0.基础使用", "{EC578851-383D-467C-B34A-BA26DE330C76}"
EndProject
Project("{9A19103F-16F7-4668-BE54-9A1E7A4F7556}") = "BasicProducer", "BasicProducer\BasicProducer.csproj", "{221C6666-2564-4B8B-92EF-504AD62220AD}"
EndProject
Project("{9A19103F-16F7-4668-BE54-9A1E7A4F7556}") = "BasicConsumer", "BasicConsumer\BasicConsumer.csproj", "{7BD120AE-946F-4D75-B716-7D9F5A8B9023}"
EndProject
Project("{2150E333-8FDC-42A3-9474-1A3956D46DE8}") = "01.Direct Exchange", "01.Direct Exchange", "{E72F735D-F25A-41B9-99C3-FD5E9E487599}"
EndProject
Project("{9A19103F-16F7-4668-BE54-9A1E7A4F7556}") = "DirectExchange.Producer", "DirectExchange.Producer\DirectExchange.Producer.csproj", "{36773E8B-7794-4826-9C47-D7F8D93EBEEB}"
EndProject
Project("{9A19103F-16F7-4668-BE54-9A1E7A4F7556}") = "DirectExchange.Consumer", "DirectExchange.Consumer\DirectExchange.Consumer.csproj", "{61091F4E-512C-41CF-8ACF-681BD5B2685C}"
EndProject
Project("{2150E333-8FDC-42A3-9474-1A3956D46DE8}") = "02.Topic Exchange", "02.Topic Exchange", "{AEFC3CA6-40DE-4510-B8DE-D8B679C464A4}"
EndProject
Project("{9A19103F-16F7-4668-BE54-9A1E7A4F7556}") = "TopicExchange.Consumer", "TopicExchange.Consumer\TopicExchange.Consumer.csproj", "{E7887AB8-877E-4ED7-9C9B-7F837AE218C2}"
EndProject
Project("{9A19103F-16F7-4668-BE54-9A1E7A4F7556}") = "TopicExchange.Producer", "TopicExchange.Producer\TopicExchange.Producer.csproj", "{6ACA3D77-36FB-40D0-8EB5-23CFA4342A80}"
EndProject
Project("{2150E333-8FDC-42A3-9474-1A3956D46DE8}") = "03.Fanout Exchange", "03.Fanout Exchange", "{FC72092B-BE1B-45FF-9F1B-C5A05E8BC233}"
EndProject
Project("{9A19103F-16F7-4668-BE54-9A1E7A4F7556}") = "FanoutExchange.Consumer", "FanoutExchange.Consumer\FanoutExchange.Consumer.csproj", "{F64ECA18-EF8B-41C9-B910-22DF439F1AB3}"
EndProject
Project("{9A19103F-16F7-4668-BE54-9A1E7A4F7556}") = "FanoutExchange.Producer", "FanoutExchange.Producer\FanoutExchange.Producer.csproj", "{274B480E-E9B3-4F2A-8FF8-D2164AE4E7C3}"
EndProject
Project("{2150E333-8FDC-42A3-9474-1A3956D46DE8}") = "04.Message", "04.Message", "{ABA07A56-1049-41AA-B904-62BAFBCC4114}"
EndProject
Project("{9A19103F-16F7-4668-BE54-9A1E7A4F7556}") = "MessageSample.Consumer", "MessageSample.Consumer\MessageSample.Consumer.csproj", "{55ACCB04-8F3F-4395-8029-C138EF44AE89}"
EndProject
Project("{9A19103F-16F7-4668-BE54-9A1E7A4F7556}") = "MessageSample.Producer", "MessageSample.Producer\MessageSample.Producer.csproj", "{1146BF6B-D28D-4EAB-8775-B654F848C198}"
EndProject
Project("{2150E333-8FDC-42A3-9474-1A3956D46DE8}") = "05.Confirm模式", "05.Confirm模式", "{77E58A63-EF59-4D85-8B57-39F768C7BB5E}"
EndProject
Project("{2150E333-8FDC-42A3-9474-1A3956D46DE8}") = "06.ReturnListener", "06.ReturnListener", "{E57EAD43-992C-44E0-BC49-50AC7E252D65}"
EndProject
Project("{2150E333-8FDC-42A3-9474-1A3956D46DE8}") = "07.自定义Consumer", "07.自定义Consumer", "{5E27C673-7CA5-4F40-9EC0-818F789CB252}"
EndProject
Project("{9A19103F-16F7-4668-BE54-9A1E7A4F7556}") = "ConfirmSample.Producer", "ConfirmSample.Producer\ConfirmSample.Producer.csproj", "{BDC7F8B1-B2A5-42AF-89CD-86522C5A8CE8}"
EndProject
Project("{9A19103F-16F7-4668-BE54-9A1E7A4F7556}") = "ConfirmSample.Consumer", "ConfirmSample.Consumer\ConfirmSample.Consumer.csproj", "{FE8C249D-52FC-427E-A4E2-3553B27A4F6C}"
EndProject
Project("{9A19103F-16F7-4668-BE54-9A1E7A4F7556}") = "ReturnListenerSample.Producer", "ReturnListenerSample.Producer\ReturnListenerSample.Producer.csproj", "{D86043A7-8E68-42EE-A320-EEBC0A65F344}"
EndProject
Project("{9A19103F-16F7-4668-BE54-9A1E7A4F7556}") = "ReturnListenerSample.Consumer", "ReturnListenerSample.Consumer\ReturnListenerSample.Consumer.csproj", "{2C38529A-973E-4B22-90CB-F995523BBC28}"
EndProject
Project("{9A19103F-16F7-4668-BE54-9A1E7A4F7556}") = "CustomerConsumer.Producer", "CustomerConsumer.Producer\CustomerConsumer.Producer.csproj", "{D2D996C9-5095-44A2-BDA5-79F296EF5660}"
EndProject
Project("{9A19103F-16F7-4668-BE54-9A1E7A4F7556}") = "CustomerConsumer.Consumer", "CustomerConsumer.Consumer\CustomerConsumer.Consumer.csproj", "{CB7BA083-E2A1-4C12-A189-098B73E1AB52}"
EndProject
Project("{2150E333-8FDC-42A3-9474-1A3956D46DE8}") = "08.消费端限流", "08.消费端限流", "{B32ADC7B-16B3-4629-99DA-3501558F2415}"
EndProject
Project("{9A19103F-16F7-4668-BE54-9A1E7A4F7556}") = "ConsumerLimit.Producer", "ConsumerLimit.Producer\ConsumerLimit.Producer.csproj", "{F69EC927-55D0-4804-B5C4-A3952F277E23}"
EndProject
Project("{9A19103F-16F7-4668-BE54-9A1E7A4F7556}") = "ConsumerLimit.Consumer", "ConsumerLimit.Consumer\ConsumerLimit.Consumer.csproj", "{12D35EEF-AE26-477B-A1D2-6000BB997756}"
EndProject
Project("{2150E333-8FDC-42A3-9474-1A3956D46DE8}") = "09.ACK与NACK", "09.ACK与NACK", "{E5B3D655-CA78-40AB-B1F3-89A4B0CB9550}"
EndProject
Project("{9A19103F-16F7-4668-BE54-9A1E7A4F7556}") = "AckSample.Producer", "AckSample.Producer\AckSample.Producer.csproj", "{1E314E3E-9EF5-4E98-81B1-757C33A6FF9A}"
EndProject
Project("{9A19103F-16F7-4668-BE54-9A1E7A4F7556}") = "AckSample.Consumer", "AckSample.Consumer\AckSample.Consumer.csproj", "{7D7860FB-15C4-4914-935C-DF0AD73ACBB7}"
EndProject
Project("{2150E333-8FDC-42A3-9474-1A3956D46DE8}") = "10. 死信", "10. 死信", "{6434A3B0-BA50-4A58-8D3F-8462FD9CCB05}"
EndProject
Project("{9A19103F-16F7-4668-BE54-9A1E7A4F7556}") = "DlxExchangeSample.Consumer", "DlxExchangeSample.Consumer\DlxExchangeSample.Consumer.csproj", "{9778DE16-79C1-4D84-9B6C-A1A40B227D6F}"
EndProject
Project("{9A19103F-16F7-4668-BE54-9A1E7A4F7556}") = "DlxExchangeSample.Producer", "DlxExchangeSample.Producer\DlxExchangeSample.Producer.csproj", "{A67952FB-CAE8-4AE4-897B-4B31D32FEFBE}"
EndProject
Project("{2150E333-8FDC-42A3-9474-1A3956D46DE8}") = "11.ASP.NET Core消费消息", "11.ASP.NET Core消费消息", "{6D2ECB8F-99D9-44FB-B90A-6011116053D9}"
EndProject
Project("{FAE04EC0-301F-11D3-BF4B-00C04F79EFBC}") = "WebSiteConsumerSample", "WebSiteConsumerSample\WebSiteConsumerSample.csproj", "{0D585E80-3015-465F-B6C0-3A641C0EB8EC}"
EndProject
Project("{FAE04EC0-301F-11D3-BF4B-00C04F79EFBC}") = "WebSiteSample.Producer", "WebSiteSample.Producer\WebSiteSample.Producer.csproj", "{E6ABF193-6640-413D-841F-3AEB81861109}"
EndProject
Project("{FAE04EC0-301F-11D3-BF4B-00C04F79EFBC}") = "WebSiteProducerSample", "WebSiteProducerSample\WebSiteProducerSample.csproj", "{C319688B-FFAE-4713-BFF9-73673AAD953C}"
EndProject
Global
	GlobalSection(SolutionConfigurationPlatforms) = preSolution
		Debug|Any CPU = Debug|Any CPU
		Release|Any CPU = Release|Any CPU
	EndGlobalSection
	GlobalSection(ProjectConfigurationPlatforms) = postSolution
		{221C6666-2564-4B8B-92EF-504AD62220AD}.Debug|Any CPU.ActiveCfg = Debug|Any CPU
		{221C6666-2564-4B8B-92EF-504AD62220AD}.Debug|Any CPU.Build.0 = Debug|Any CPU
		{221C6666-2564-4B8B-92EF-504AD62220AD}.Release|Any CPU.ActiveCfg = Release|Any CPU
		{221C6666-2564-4B8B-92EF-504AD62220AD}.Release|Any CPU.Build.0 = Release|Any CPU
		{7BD120AE-946F-4D75-B716-7D9F5A8B9023}.Debug|Any CPU.ActiveCfg = Debug|Any CPU
		{7BD120AE-946F-4D75-B716-7D9F5A8B9023}.Debug|Any CPU.Build.0 = Debug|Any CPU
		{7BD120AE-946F-4D75-B716-7D9F5A8B9023}.Release|Any CPU.ActiveCfg = Release|Any CPU
		{7BD120AE-946F-4D75-B716-7D9F5A8B9023}.Release|Any CPU.Build.0 = Release|Any CPU
		{36773E8B-7794-4826-9C47-D7F8D93EBEEB}.Debug|Any CPU.ActiveCfg = Debug|Any CPU
		{36773E8B-7794-4826-9C47-D7F8D93EBEEB}.Debug|Any CPU.Build.0 = Debug|Any CPU
		{36773E8B-7794-4826-9C47-D7F8D93EBEEB}.Release|Any CPU.ActiveCfg = Release|Any CPU
		{36773E8B-7794-4826-9C47-D7F8D93EBEEB}.Release|Any CPU.Build.0 = Release|Any CPU
		{61091F4E-512C-41CF-8ACF-681BD5B2685C}.Debug|Any CPU.ActiveCfg = Debug|Any CPU
		{61091F4E-512C-41CF-8ACF-681BD5B2685C}.Debug|Any CPU.Build.0 = Debug|Any CPU
		{61091F4E-512C-41CF-8ACF-681BD5B2685C}.Release|Any CPU.ActiveCfg = Release|Any CPU
		{61091F4E-512C-41CF-8ACF-681BD5B2685C}.Release|Any CPU.Build.0 = Release|Any CPU
		{E7887AB8-877E-4ED7-9C9B-7F837AE218C2}.Debug|Any CPU.ActiveCfg = Debug|Any CPU
		{E7887AB8-877E-4ED7-9C9B-7F837AE218C2}.Debug|Any CPU.Build.0 = Debug|Any CPU
		{E7887AB8-877E-4ED7-9C9B-7F837AE218C2}.Release|Any CPU.ActiveCfg = Release|Any CPU
		{E7887AB8-877E-4ED7-9C9B-7F837AE218C2}.Release|Any CPU.Build.0 = Release|Any CPU
		{6ACA3D77-36FB-40D0-8EB5-23CFA4342A80}.Debug|Any CPU.ActiveCfg = Debug|Any CPU
		{6ACA3D77-36FB-40D0-8EB5-23CFA4342A80}.Debug|Any CPU.Build.0 = Debug|Any CPU
		{6ACA3D77-36FB-40D0-8EB5-23CFA4342A80}.Release|Any CPU.ActiveCfg = Release|Any CPU
		{6ACA3D77-36FB-40D0-8EB5-23CFA4342A80}.Release|Any CPU.Build.0 = Release|Any CPU
		{F64ECA18-EF8B-41C9-B910-22DF439F1AB3}.Debug|Any CPU.ActiveCfg = Debug|Any CPU
		{F64ECA18-EF8B-41C9-B910-22DF439F1AB3}.Debug|Any CPU.Build.0 = Debug|Any CPU
		{F64ECA18-EF8B-41C9-B910-22DF439F1AB3}.Release|Any CPU.ActiveCfg = Release|Any CPU
		{F64ECA18-EF8B-41C9-B910-22DF439F1AB3}.Release|Any CPU.Build.0 = Release|Any CPU
		{274B480E-E9B3-4F2A-8FF8-D2164AE4E7C3}.Debug|Any CPU.ActiveCfg = Debug|Any CPU
		{274B480E-E9B3-4F2A-8FF8-D2164AE4E7C3}.Debug|Any CPU.Build.0 = Debug|Any CPU
		{274B480E-E9B3-4F2A-8FF8-D2164AE4E7C3}.Release|Any CPU.ActiveCfg = Release|Any CPU
		{274B480E-E9B3-4F2A-8FF8-D2164AE4E7C3}.Release|Any CPU.Build.0 = Release|Any CPU
		{55ACCB04-8F3F-4395-8029-C138EF44AE89}.Debug|Any CPU.ActiveCfg = Debug|Any CPU
		{55ACCB04-8F3F-4395-8029-C138EF44AE89}.Debug|Any CPU.Build.0 = Debug|Any CPU
		{55ACCB04-8F3F-4395-8029-C138EF44AE89}.Release|Any CPU.ActiveCfg = Release|Any CPU
		{55ACCB04-8F3F-4395-8029-C138EF44AE89}.Release|Any CPU.Build.0 = Release|Any CPU
		{1146BF6B-D28D-4EAB-8775-B654F848C198}.Debug|Any CPU.ActiveCfg = Debug|Any CPU
		{1146BF6B-D28D-4EAB-8775-B654F848C198}.Debug|Any CPU.Build.0 = Debug|Any CPU
		{1146BF6B-D28D-4EAB-8775-B654F848C198}.Release|Any CPU.ActiveCfg = Release|Any CPU
		{1146BF6B-D28D-4EAB-8775-B654F848C198}.Release|Any CPU.Build.0 = Release|Any CPU
		{BDC7F8B1-B2A5-42AF-89CD-86522C5A8CE8}.Debug|Any CPU.ActiveCfg = Debug|Any CPU
		{BDC7F8B1-B2A5-42AF-89CD-86522C5A8CE8}.Debug|Any CPU.Build.0 = Debug|Any CPU
		{BDC7F8B1-B2A5-42AF-89CD-86522C5A8CE8}.Release|Any CPU.ActiveCfg = Release|Any CPU
		{BDC7F8B1-B2A5-42AF-89CD-86522C5A8CE8}.Release|Any CPU.Build.0 = Release|Any CPU
		{FE8C249D-52FC-427E-A4E2-3553B27A4F6C}.Debug|Any CPU.ActiveCfg = Debug|Any CPU
		{FE8C249D-52FC-427E-A4E2-3553B27A4F6C}.Debug|Any CPU.Build.0 = Debug|Any CPU
		{FE8C249D-52FC-427E-A4E2-3553B27A4F6C}.Release|Any CPU.ActiveCfg = Release|Any CPU
		{FE8C249D-52FC-427E-A4E2-3553B27A4F6C}.Release|Any CPU.Build.0 = Release|Any CPU
		{D86043A7-8E68-42EE-A320-EEBC0A65F344}.Debug|Any CPU.ActiveCfg = Debug|Any CPU
		{D86043A7-8E68-42EE-A320-EEBC0A65F344}.Debug|Any CPU.Build.0 = Debug|Any CPU
		{D86043A7-8E68-42EE-A320-EEBC0A65F344}.Release|Any CPU.ActiveCfg = Release|Any CPU
		{D86043A7-8E68-42EE-A320-EEBC0A65F344}.Release|Any CPU.Build.0 = Release|Any CPU
		{2C38529A-973E-4B22-90CB-F995523BBC28}.Debug|Any CPU.ActiveCfg = Debug|Any CPU
		{2C38529A-973E-4B22-90CB-F995523BBC28}.Debug|Any CPU.Build.0 = Debug|Any CPU
		{2C38529A-973E-4B22-90CB-F995523BBC28}.Release|Any CPU.ActiveCfg = Release|Any CPU
		{2C38529A-973E-4B22-90CB-F995523BBC28}.Release|Any CPU.Build.0 = Release|Any CPU
		{D2D996C9-5095-44A2-BDA5-79F296EF5660}.Debug|Any CPU.ActiveCfg = Debug|Any CPU
		{D2D996C9-5095-44A2-BDA5-79F296EF5660}.Debug|Any CPU.Build.0 = Debug|Any CPU
		{D2D996C9-5095-44A2-BDA5-79F296EF5660}.Release|Any CPU.ActiveCfg = Release|Any CPU
		{D2D996C9-5095-44A2-BDA5-79F296EF5660}.Release|Any CPU.Build.0 = Release|Any CPU
		{CB7BA083-E2A1-4C12-A189-098B73E1AB52}.Debug|Any CPU.ActiveCfg = Debug|Any CPU
		{CB7BA083-E2A1-4C12-A189-098B73E1AB52}.Debug|Any CPU.Build.0 = Debug|Any CPU
		{CB7BA083-E2A1-4C12-A189-098B73E1AB52}.Release|Any CPU.ActiveCfg = Release|Any CPU
		{CB7BA083-E2A1-4C12-A189-098B73E1AB52}.Release|Any CPU.Build.0 = Release|Any CPU
		{F69EC927-55D0-4804-B5C4-A3952F277E23}.Debug|Any CPU.ActiveCfg = Debug|Any CPU
		{F69EC927-55D0-4804-B5C4-A3952F277E23}.Debug|Any CPU.Build.0 = Debug|Any CPU
		{F69EC927-55D0-4804-B5C4-A3952F277E23}.Release|Any CPU.ActiveCfg = Release|Any CPU
		{F69EC927-55D0-4804-B5C4-A3952F277E23}.Release|Any CPU.Build.0 = Release|Any CPU
		{12D35EEF-AE26-477B-A1D2-6000BB997756}.Debug|Any CPU.ActiveCfg = Debug|Any CPU
		{12D35EEF-AE26-477B-A1D2-6000BB997756}.Debug|Any CPU.Build.0 = Debug|Any CPU
		{12D35EEF-AE26-477B-A1D2-6000BB997756}.Release|Any CPU.ActiveCfg = Release|Any CPU
		{12D35EEF-AE26-477B-A1D2-6000BB997756}.Release|Any CPU.Build.0 = Release|Any CPU
		{1E314E3E-9EF5-4E98-81B1-757C33A6FF9A}.Debug|Any CPU.ActiveCfg = Debug|Any CPU
		{1E314E3E-9EF5-4E98-81B1-757C33A6FF9A}.Debug|Any CPU.Build.0 = Debug|Any CPU
		{1E314E3E-9EF5-4E98-81B1-757C33A6FF9A}.Release|Any CPU.ActiveCfg = Release|Any CPU
		{1E314E3E-9EF5-4E98-81B1-757C33A6FF9A}.Release|Any CPU.Build.0 = Release|Any CPU
		{7D7860FB-15C4-4914-935C-DF0AD73ACBB7}.Debug|Any CPU.ActiveCfg = Debug|Any CPU
		{7D7860FB-15C4-4914-935C-DF0AD73ACBB7}.Debug|Any CPU.Build.0 = Debug|Any CPU
		{7D7860FB-15C4-4914-935C-DF0AD73ACBB7}.Release|Any CPU.ActiveCfg = Release|Any CPU
		{7D7860FB-15C4-4914-935C-DF0AD73ACBB7}.Release|Any CPU.Build.0 = Release|Any CPU
		{9778DE16-79C1-4D84-9B6C-A1A40B227D6F}.Debug|Any CPU.ActiveCfg = Debug|Any CPU
		{9778DE16-79C1-4D84-9B6C-A1A40B227D6F}.Debug|Any CPU.Build.0 = Debug|Any CPU
		{9778DE16-79C1-4D84-9B6C-A1A40B227D6F}.Release|Any CPU.ActiveCfg = Release|Any CPU
		{9778DE16-79C1-4D84-9B6C-A1A40B227D6F}.Release|Any CPU.Build.0 = Release|Any CPU
		{A67952FB-CAE8-4AE4-897B-4B31D32FEFBE}.Debug|Any CPU.ActiveCfg = Debug|Any CPU
		{A67952FB-CAE8-4AE4-897B-4B31D32FEFBE}.Debug|Any CPU.Build.0 = Debug|Any CPU
		{A67952FB-CAE8-4AE4-897B-4B31D32FEFBE}.Release|Any CPU.ActiveCfg = Release|Any CPU
		{A67952FB-CAE8-4AE4-897B-4B31D32FEFBE}.Release|Any CPU.Build.0 = Release|Any CPU
		{0D585E80-3015-465F-B6C0-3A641C0EB8EC}.Debug|Any CPU.ActiveCfg = Debug|Any CPU
		{0D585E80-3015-465F-B6C0-3A641C0EB8EC}.Debug|Any CPU.Build.0 = Debug|Any CPU
		{0D585E80-3015-465F-B6C0-3A641C0EB8EC}.Release|Any CPU.ActiveCfg = Release|Any CPU
		{0D585E80-3015-465F-B6C0-3A641C0EB8EC}.Release|Any CPU.Build.0 = Release|Any CPU
		{E6ABF193-6640-413D-841F-3AEB81861109}.Debug|Any CPU.ActiveCfg = Debug|Any CPU
		{E6ABF193-6640-413D-841F-3AEB81861109}.Debug|Any CPU.Build.0 = Debug|Any CPU
		{E6ABF193-6640-413D-841F-3AEB81861109}.Release|Any CPU.ActiveCfg = Release|Any CPU
		{E6ABF193-6640-413D-841F-3AEB81861109}.Release|Any CPU.Build.0 = Release|Any CPU
		{C319688B-FFAE-4713-BFF9-73673AAD953C}.Debug|Any CPU.ActiveCfg = Debug|Any CPU
		{C319688B-FFAE-4713-BFF9-73673AAD953C}.Debug|Any CPU.Build.0 = Debug|Any CPU
		{C319688B-FFAE-4713-BFF9-73673AAD953C}.Release|Any CPU.ActiveCfg = Release|Any CPU
		{C319688B-FFAE-4713-BFF9-73673AAD953C}.Release|Any CPU.Build.0 = Release|Any CPU
	EndGlobalSection
	GlobalSection(SolutionProperties) = preSolution
		HideSolutionNode = FALSE
	EndGlobalSection
	GlobalSection(NestedProjects) = preSolution
		{221C6666-2564-4B8B-92EF-504AD62220AD} = {EC578851-383D-467C-B34A-BA26DE330C76}
		{7BD120AE-946F-4D75-B716-7D9F5A8B9023} = {EC578851-383D-467C-B34A-BA26DE330C76}
		{36773E8B-7794-4826-9C47-D7F8D93EBEEB} = {E72F735D-F25A-41B9-99C3-FD5E9E487599}
		{61091F4E-512C-41CF-8ACF-681BD5B2685C} = {E72F735D-F25A-41B9-99C3-FD5E9E487599}
		{E7887AB8-877E-4ED7-9C9B-7F837AE218C2} = {AEFC3CA6-40DE-4510-B8DE-D8B679C464A4}
		{6ACA3D77-36FB-40D0-8EB5-23CFA4342A80} = {AEFC3CA6-40DE-4510-B8DE-D8B679C464A4}
		{F64ECA18-EF8B-41C9-B910-22DF439F1AB3} = {FC72092B-BE1B-45FF-9F1B-C5A05E8BC233}
		{274B480E-E9B3-4F2A-8FF8-D2164AE4E7C3} = {FC72092B-BE1B-45FF-9F1B-C5A05E8BC233}
		{55ACCB04-8F3F-4395-8029-C138EF44AE89} = {ABA07A56-1049-41AA-B904-62BAFBCC4114}
		{1146BF6B-D28D-4EAB-8775-B654F848C198} = {ABA07A56-1049-41AA-B904-62BAFBCC4114}
		{BDC7F8B1-B2A5-42AF-89CD-86522C5A8CE8} = {77E58A63-EF59-4D85-8B57-39F768C7BB5E}
		{FE8C249D-52FC-427E-A4E2-3553B27A4F6C} = {77E58A63-EF59-4D85-8B57-39F768C7BB5E}
		{D86043A7-8E68-42EE-A320-EEBC0A65F344} = {E57EAD43-992C-44E0-BC49-50AC7E252D65}
		{2C38529A-973E-4B22-90CB-F995523BBC28} = {E57EAD43-992C-44E0-BC49-50AC7E252D65}
		{D2D996C9-5095-44A2-BDA5-79F296EF5660} = {5E27C673-7CA5-4F40-9EC0-818F789CB252}
		{CB7BA083-E2A1-4C12-A189-098B73E1AB52} = {5E27C673-7CA5-4F40-9EC0-818F789CB252}
		{F69EC927-55D0-4804-B5C4-A3952F277E23} = {B32ADC7B-16B3-4629-99DA-3501558F2415}
		{12D35EEF-AE26-477B-A1D2-6000BB997756} = {B32ADC7B-16B3-4629-99DA-3501558F2415}
		{1E314E3E-9EF5-4E98-81B1-757C33A6FF9A} = {E5B3D655-CA78-40AB-B1F3-89A4B0CB9550}
		{7D7860FB-15C4-4914-935C-DF0AD73ACBB7} = {E5B3D655-CA78-40AB-B1F3-89A4B0CB9550}
		{9778DE16-79C1-4D84-9B6C-A1A40B227D6F} = {6434A3B0-BA50-4A58-8D3F-8462FD9CCB05}
		{A67952FB-CAE8-4AE4-897B-4B31D32FEFBE} = {6434A3B0-BA50-4A58-8D3F-8462FD9CCB05}
		{0D585E80-3015-465F-B6C0-3A641C0EB8EC} = {6D2ECB8F-99D9-44FB-B90A-6011116053D9}
		{E6ABF193-6640-413D-841F-3AEB81861109} = {6D2ECB8F-99D9-44FB-B90A-6011116053D9}
		{C319688B-FFAE-4713-BFF9-73673AAD953C} = {6D2ECB8F-99D9-44FB-B90A-6011116053D9}
	EndGlobalSection
	GlobalSection(ExtensibilityGlobals) = postSolution
		SolutionGuid = {6B78D1F0-7E3C-49A5-A5E8-1B34C4E73CBC}
	EndGlobalSection
EndGlobal
